
Microsoft Visual Studio Solution File, Format Version 12.00
# Visual Studio Version 17
VisualStudioVersion = 17.4.33205.214
MinimumVisualStudioVersion = 10.0.40219.1
Project("{8BC9CEB8-8B4A-11D0-8D11-00A0C91BC942}") = "app", "app\app.vcxproj", "{35E7AD4A-D056-41D4-9D33-93EBD1AE1FCE}"
EndProject
Project("{2150E333-8FDC-42A3-9474-1A3956D46DE8}") = "Solution Items", "Solution Items", "{878C0EE1-2984-4BF9-BCAE-D3656A80B619}"
	ProjectSection(SolutionItems) = preProject
		vcpkg.json = vcpkg.json
	EndProjectSection
EndProject
Project("{8BC9CEB8-8B4A-11D0-8D11-00A0C91BC942}") = "gfxlib", "gfxlib\gfxlib.vcxproj", "{4E5B6AC2-012A-4874-A28C-612761C98C95}"
EndProject
Global
	GlobalSection(SolutionConfigurationPlatforms) = preSolution
		Debug|x64 = Debug|x64
		Debug|x86 = Debug|x86
		Release|x64 = Release|x64
		Release|x86 = Release|x86
	EndGlobalSection
	GlobalSection(ProjectConfigurationPlatforms) = postSolution
		{35E7AD4A-D056-41D4-9D33-93EBD1AE1FCE}.Debug|x64.ActiveCfg = Debug|x64
		{35E7AD4A-D056-41D4-9D33-93EBD1AE1FCE}.Debug|x64.Build.0 = Debug|x64
		{35E7AD4A-D056-41D4-9D33-93EBD1AE1FCE}.Debug|x86.ActiveCfg = Debug|Win32
		{35E7AD4A-D056-41D4-9D33-93EBD1AE1FCE}.Debug|x86.Build.0 = Debug|Win32
		{35E7AD4A-D056-41D4-9D33-93EBD1AE1FCE}.Release|x64.ActiveCfg = Release|x64
		{35E7AD4A-D056-41D4-9D33-93EBD1AE1FCE}.Release|x64.Build.0 = Release|x64
		{35E7AD4A-D056-41D4-9D33-93EBD1AE1FCE}.Release|x86.ActiveCfg = Release|Win32
		{35E7AD4A-D056-41D4-9D33-93EBD1AE1FCE}.Release|x86.Build.0 = Release|Win32
		{4E5B6AC2-012A-4874-A28C-612761C98C95}.Debug|x64.ActiveCfg = Debug|x64
		{4E5B6AC2-012A-4874-A28C-612761C98C95}.Debug|x64.Build.0 = Debug|x64
		{4E5B6AC2-012A-4874-A28C-612761C98C95}.Debug|x86.ActiveCfg = Debug|Win32
		{4E5B6AC2-012A-4874-A28C-612761C98C95}.Debug|x86.Build.0 = Debug|Win32
		{4E5B6AC2-012A-4874-A28C-612761C98C95}.Release|x64.ActiveCfg = Release|x64
		{4E5B6AC2-012A-4874-A28C-612761C98C95}.Release|x64.Build.0 = Release|x64
		{4E5B6AC2-012A-4874-A28C-612761C98C95}.Release|x86.ActiveCfg = Release|Win32
		{4E5B6AC2-012A-4874-A28C-612761C98C95}.Release|x86.Build.0 = Release|Win32
	EndGlobalSection
	GlobalSection(SolutionProperties) = preSolution
		HideSolutionNode = FALSE
	EndGlobalSection
	GlobalSection(ExtensibilityGlobals) = postSolution
		SolutionGuid = {14BE4DAE-E109-4131-875C-00A09A089E69}
	EndGlobalSection
EndGlobal
